
Microsoft Visual Studio Solution File, Format Version 12.00
# Visual Studio Version 16
VisualStudioVersion = 16.0.30225.117
MinimumVisualStudioVersion = 10.0.40219.1
Project("{FAE04EC0-301F-11D3-BF4B-00C04F79EFBC}") = "Logbook", "Logbook\Logbook.csproj", "{81AABE74-FFE0-48C6-AEC8-022EF0755722}"
EndProject
Project("{54435603-DBB4-11D2-8724-00A0C9A8B90C}") = "Logbook Installer", "Logbook Installer\Logbook Installer.vdproj", "{9968B77F-7F72-46D8-86E4-65B970F1E647}"
EndProject
Global
	GlobalSection(SolutionConfigurationPlatforms) = preSolution
		Debug|Any CPU = Debug|Any CPU
		Release|Any CPU = Release|Any CPU
	EndGlobalSection
	GlobalSection(ProjectConfigurationPlatforms) = postSolution
		{81AABE74-FFE0-48C6-AEC8-022EF0755722}.Debug|Any CPU.ActiveCfg = Debug|Any CPU
		{81AABE74-FFE0-48C6-AEC8-022EF0755722}.Debug|Any CPU.Build.0 = Debug|Any CPU
		{81AABE74-FFE0-48C6-AEC8-022EF0755722}.Release|Any CPU.ActiveCfg = Release|Any CPU
		{81AABE74-FFE0-48C6-AEC8-022EF0755722}.Release|Any CPU.Build.0 = Release|Any CPU
		{9968B77F-7F72-46D8-86E4-65B970F1E647}.Debug|Any CPU.ActiveCfg = Debug
		{9968B77F-7F72-46D8-86E4-65B970F1E647}.Release|Any CPU.ActiveCfg = Release
	EndGlobalSection
	GlobalSection(SolutionProperties) = preSolution
		HideSolutionNode = FALSE
	EndGlobalSection
	GlobalSection(ExtensibilityGlobals) = postSolution
		SolutionGuid = {4A06EC59-D231-473E-8E3B-B600950D95CB}
	EndGlobalSection
EndGlobal
